// !$*UTF8*$!
{
	archiveVersion = 1;
	classes = {
	};
	objectVersion = 55;
	objects = {

/* Begin PBXBuildFile section */
		221CC2C428479F74009F4851 /* TipModel.swift in Sources */ = {isa = PBXBuildFile; fileRef = 221CC2C328479F74009F4851 /* TipModel.swift */; };
		70DAECB32849DF45009AAB79 /* RuyhaTestVeiw.swift in Sources */ = {isa = PBXBuildFile; fileRef = 70DAECB22849DF45009AAB79 /* RuyhaTestVeiw.swift */; };
		70DAECB52849E0F5009AAB79 /* HeaderViewAssets.swift in Sources */ = {isa = PBXBuildFile; fileRef = 70DAECB42849E0F5009AAB79 /* HeaderViewAssets.swift */; };
		9D55B4052846289000AFD9C5 /* kko_okkApp.swift in Sources */ = {isa = PBXBuildFile; fileRef = 9D55B4042846289000AFD9C5 /* kko_okkApp.swift */; };
		9D55B4072846289000AFD9C5 /* ContentView.swift in Sources */ = {isa = PBXBuildFile; fileRef = 9D55B4062846289000AFD9C5 /* ContentView.swift */; };
		9D55B4092846289100AFD9C5 /* Assets.xcassets in Resources */ = {isa = PBXBuildFile; fileRef = 9D55B4082846289100AFD9C5 /* Assets.xcassets */; };
		9D55B40C2846289100AFD9C5 /* Preview Assets.xcassets in Resources */ = {isa = PBXBuildFile; fileRef = 9D55B40B2846289100AFD9C5 /* Preview Assets.xcassets */; };
		9D55B40E2846289100AFD9C5 /* Persistence.swift in Sources */ = {isa = PBXBuildFile; fileRef = 9D55B40D2846289100AFD9C5 /* Persistence.swift */; };
		9D55B4112846289100AFD9C5 /* kko_okk.xcdatamodeld in Sources */ = {isa = PBXBuildFile; fileRef = 9D55B40F2846289100AFD9C5 /* kko_okk.xcdatamodeld */; };
		9D55B41B2846289100AFD9C5 /* kko_okkTests.swift in Sources */ = {isa = PBXBuildFile; fileRef = 9D55B41A2846289100AFD9C5 /* kko_okkTests.swift */; };
		9D55B4252846289100AFD9C5 /* kko_okkUITests.swift in Sources */ = {isa = PBXBuildFile; fileRef = 9D55B4242846289100AFD9C5 /* kko_okkUITests.swift */; };
		9D55B4272846289100AFD9C5 /* kko_okkUITestsLaunchTests.swift in Sources */ = {isa = PBXBuildFile; fileRef = 9D55B4262846289100AFD9C5 /* kko_okkUITestsLaunchTests.swift */; };
		9DEB3A21284629E30001959A /* ParentWishView.swift in Sources */ = {isa = PBXBuildFile; fileRef = 9DEB3A20284629E30001959A /* ParentWishView.swift */; };
		9DEB3A2428462A100001959A /* ChildWishView.swift in Sources */ = {isa = PBXBuildFile; fileRef = 9DEB3A2328462A100001959A /* ChildWishView.swift */; };
		9DEB3A2628462A240001959A /* ContractView.swift in Sources */ = {isa = PBXBuildFile; fileRef = 9DEB3A2528462A240001959A /* ContractView.swift */; };
		9DEB3A2828462A4B0001959A /* ButtonForContract.swift in Sources */ = {isa = PBXBuildFile; fileRef = 9DEB3A2728462A4B0001959A /* ButtonForContract.swift */; };
		9DEB3A3128462AA10001959A /* TodoBoardView.swift in Sources */ = {isa = PBXBuildFile; fileRef = 9DEB3A3028462AA10001959A /* TodoBoardView.swift */; };
		A8C8349C28471A3B00C65BE0 /* MainView.swift in Sources */ = {isa = PBXBuildFile; fileRef = A8C8349B28471A3B00C65BE0 /* MainView.swift */; };
		A8C8349E28471A7D00C65BE0 /* HeaderView.swift in Sources */ = {isa = PBXBuildFile; fileRef = A8C8349D28471A7D00C65BE0 /* HeaderView.swift */; };
		A8C834A028471AA300C65BE0 /* SegmentView.swift in Sources */ = {isa = PBXBuildFile; fileRef = A8C8349F28471AA300C65BE0 /* SegmentView.swift */; };
		A8C834A828471D0400C65BE0 /* Style.swift in Sources */ = {isa = PBXBuildFile; fileRef = A8C834A728471D0400C65BE0 /* Style.swift */; };
		A8C834AA2847334400C65BE0 /* TitleView.swift in Sources */ = {isa = PBXBuildFile; fileRef = A8C834A92847334400C65BE0 /* TitleView.swift */; };
		A8C834C02848A34400C65BE0 /* ReportBoardView.swift in Sources */ = {isa = PBXBuildFile; fileRef = A8C834BF2848A34400C65BE0 /* ReportBoardView.swift */; };
		A8C834C22848A34E00C65BE0 /* SettingView.swift in Sources */ = {isa = PBXBuildFile; fileRef = A8C834C12848A34E00C65BE0 /* SettingView.swift */; };
		A8C834C42848A37400C65BE0 /* DailyReportView.swift in Sources */ = {isa = PBXBuildFile; fileRef = A8C834C32848A37400C65BE0 /* DailyReportView.swift */; };
		A8C834C62848A37D00C65BE0 /* WeeklyReportView.swift in Sources */ = {isa = PBXBuildFile; fileRef = A8C834C52848A37D00C65BE0 /* WeeklyReportView.swift */; };
		A8C834C82848A38C00C65BE0 /* MonthlyReportView.swift in Sources */ = {isa = PBXBuildFile; fileRef = A8C834C72848A38C00C65BE0 /* MonthlyReportView.swift */; };
		A8C834CA2848A39200C65BE0 /* CountView.swift in Sources */ = {isa = PBXBuildFile; fileRef = A8C834C92848A39200C65BE0 /* CountView.swift */; };
/* End PBXBuildFile section */

/* Begin PBXContainerItemProxy section */
		9D55B4172846289100AFD9C5 /* PBXContainerItemProxy */ = {
			isa = PBXContainerItemProxy;
			containerPortal = 9D55B3F92846289000AFD9C5 /* Project object */;
			proxyType = 1;
			remoteGlobalIDString = 9D55B4002846289000AFD9C5;
			remoteInfo = kko_okk;
		};
		9D55B4212846289100AFD9C5 /* PBXContainerItemProxy */ = {
			isa = PBXContainerItemProxy;
			containerPortal = 9D55B3F92846289000AFD9C5 /* Project object */;
			proxyType = 1;
			remoteGlobalIDString = 9D55B4002846289000AFD9C5;
			remoteInfo = kko_okk;
		};
/* End PBXContainerItemProxy section */

/* Begin PBXFileReference section */
		221CC2C328479F74009F4851 /* TipModel.swift */ = {isa = PBXFileReference; lastKnownFileType = sourcecode.swift; path = TipModel.swift; sourceTree = "<group>"; };
		70DAECB22849DF45009AAB79 /* RuyhaTestVeiw.swift */ = {isa = PBXFileReference; lastKnownFileType = sourcecode.swift; path = RuyhaTestVeiw.swift; sourceTree = "<group>"; };
		70DAECB42849E0F5009AAB79 /* HeaderViewAssets.swift */ = {isa = PBXFileReference; lastKnownFileType = sourcecode.swift; path = HeaderViewAssets.swift; sourceTree = "<group>"; };
		9D55B4012846289000AFD9C5 /* kko_okk.app */ = {isa = PBXFileReference; explicitFileType = wrapper.application; includeInIndex = 0; path = kko_okk.app; sourceTree = BUILT_PRODUCTS_DIR; };
		9D55B4042846289000AFD9C5 /* kko_okkApp.swift */ = {isa = PBXFileReference; lastKnownFileType = sourcecode.swift; path = kko_okkApp.swift; sourceTree = "<group>"; };
		9D55B4062846289000AFD9C5 /* ContentView.swift */ = {isa = PBXFileReference; lastKnownFileType = sourcecode.swift; path = ContentView.swift; sourceTree = "<group>"; };
		9D55B4082846289100AFD9C5 /* Assets.xcassets */ = {isa = PBXFileReference; lastKnownFileType = folder.assetcatalog; path = Assets.xcassets; sourceTree = "<group>"; };
		9D55B40B2846289100AFD9C5 /* Preview Assets.xcassets */ = {isa = PBXFileReference; lastKnownFileType = folder.assetcatalog; path = "Preview Assets.xcassets"; sourceTree = "<group>"; };
		9D55B40D2846289100AFD9C5 /* Persistence.swift */ = {isa = PBXFileReference; lastKnownFileType = sourcecode.swift; path = Persistence.swift; sourceTree = "<group>"; };
		9D55B4102846289100AFD9C5 /* kko_okk.xcdatamodel */ = {isa = PBXFileReference; lastKnownFileType = wrapper.xcdatamodel; path = kko_okk.xcdatamodel; sourceTree = "<group>"; };
		9D55B4162846289100AFD9C5 /* kko_okkTests.xctest */ = {isa = PBXFileReference; explicitFileType = wrapper.cfbundle; includeInIndex = 0; path = kko_okkTests.xctest; sourceTree = BUILT_PRODUCTS_DIR; };
		9D55B41A2846289100AFD9C5 /* kko_okkTests.swift */ = {isa = PBXFileReference; lastKnownFileType = sourcecode.swift; path = kko_okkTests.swift; sourceTree = "<group>"; };
		9D55B4202846289100AFD9C5 /* kko_okkUITests.xctest */ = {isa = PBXFileReference; explicitFileType = wrapper.cfbundle; includeInIndex = 0; path = kko_okkUITests.xctest; sourceTree = BUILT_PRODUCTS_DIR; };
		9D55B4242846289100AFD9C5 /* kko_okkUITests.swift */ = {isa = PBXFileReference; lastKnownFileType = sourcecode.swift; path = kko_okkUITests.swift; sourceTree = "<group>"; };
		9D55B4262846289100AFD9C5 /* kko_okkUITestsLaunchTests.swift */ = {isa = PBXFileReference; lastKnownFileType = sourcecode.swift; path = kko_okkUITestsLaunchTests.swift; sourceTree = "<group>"; };
		9DEB3A20284629E30001959A /* ParentWishView.swift */ = {isa = PBXFileReference; lastKnownFileType = sourcecode.swift; path = ParentWishView.swift; sourceTree = "<group>"; };
		9DEB3A2328462A100001959A /* ChildWishView.swift */ = {isa = PBXFileReference; lastKnownFileType = sourcecode.swift; path = ChildWishView.swift; sourceTree = "<group>"; };
		9DEB3A2528462A240001959A /* ContractView.swift */ = {isa = PBXFileReference; lastKnownFileType = sourcecode.swift; path = ContractView.swift; sourceTree = "<group>"; };
		9DEB3A2728462A4B0001959A /* ButtonForContract.swift */ = {isa = PBXFileReference; lastKnownFileType = sourcecode.swift; path = ButtonForContract.swift; sourceTree = "<group>"; };
		9DEB3A3028462AA10001959A /* TodoBoardView.swift */ = {isa = PBXFileReference; lastKnownFileType = sourcecode.swift; path = TodoBoardView.swift; sourceTree = "<group>"; };
		A8C8349B28471A3B00C65BE0 /* MainView.swift */ = {isa = PBXFileReference; lastKnownFileType = sourcecode.swift; path = MainView.swift; sourceTree = "<group>"; };
		A8C8349D28471A7D00C65BE0 /* HeaderView.swift */ = {isa = PBXFileReference; lastKnownFileType = sourcecode.swift; path = HeaderView.swift; sourceTree = "<group>"; };
		A8C8349F28471AA300C65BE0 /* SegmentView.swift */ = {isa = PBXFileReference; lastKnownFileType = sourcecode.swift; path = SegmentView.swift; sourceTree = "<group>"; };
		A8C834A728471D0400C65BE0 /* Style.swift */ = {isa = PBXFileReference; lastKnownFileType = sourcecode.swift; path = Style.swift; sourceTree = "<group>"; };
		A8C834A92847334400C65BE0 /* TitleView.swift */ = {isa = PBXFileReference; lastKnownFileType = sourcecode.swift; path = TitleView.swift; sourceTree = "<group>"; };
		A8C834BF2848A34400C65BE0 /* ReportBoardView.swift */ = {isa = PBXFileReference; lastKnownFileType = sourcecode.swift; path = ReportBoardView.swift; sourceTree = "<group>"; };
		A8C834C12848A34E00C65BE0 /* SettingView.swift */ = {isa = PBXFileReference; lastKnownFileType = sourcecode.swift; path = SettingView.swift; sourceTree = "<group>"; };
		A8C834C32848A37400C65BE0 /* DailyReportView.swift */ = {isa = PBXFileReference; lastKnownFileType = sourcecode.swift; name = DailyReportView.swift; path = kko_okk/Views/BoardViews/DailyReportView.swift; sourceTree = SOURCE_ROOT; };
		A8C834C52848A37D00C65BE0 /* WeeklyReportView.swift */ = {isa = PBXFileReference; lastKnownFileType = sourcecode.swift; name = WeeklyReportView.swift; path = kko_okk/Views/BoardViews/WeeklyReportView.swift; sourceTree = SOURCE_ROOT; };
		A8C834C72848A38C00C65BE0 /* MonthlyReportView.swift */ = {isa = PBXFileReference; lastKnownFileType = sourcecode.swift; name = MonthlyReportView.swift; path = kko_okk/Views/BoardViews/MonthlyReportView.swift; sourceTree = SOURCE_ROOT; };
		A8C834C92848A39200C65BE0 /* CountView.swift */ = {isa = PBXFileReference; lastKnownFileType = sourcecode.swift; name = CountView.swift; path = kko_okk/Views/BoardViews/CountView.swift; sourceTree = SOURCE_ROOT; };
/* End PBXFileReference section */

/* Begin PBXFrameworksBuildPhase section */
		9D55B3FE2846289000AFD9C5 /* Frameworks */ = {
			isa = PBXFrameworksBuildPhase;
			buildActionMask = 2147483647;
			files = (
			);
			runOnlyForDeploymentPostprocessing = 0;
		};
		9D55B4132846289100AFD9C5 /* Frameworks */ = {
			isa = PBXFrameworksBuildPhase;
			buildActionMask = 2147483647;
			files = (
			);
			runOnlyForDeploymentPostprocessing = 0;
		};
		9D55B41D2846289100AFD9C5 /* Frameworks */ = {
			isa = PBXFrameworksBuildPhase;
			buildActionMask = 2147483647;
			files = (
			);
			runOnlyForDeploymentPostprocessing = 0;
		};
/* End PBXFrameworksBuildPhase section */

/* Begin PBXGroup section */
		221CC2C228479F68009F4851 /* Models */ = {
			isa = PBXGroup;
			children = (
				221CC2C328479F74009F4851 /* TipModel.swift */,
			);
			path = Models;
			sourceTree = "<group>";
		};
		9D55B3F82846289000AFD9C5 = {
			isa = PBXGroup;
			children = (
				9D55B4032846289000AFD9C5 /* kko_okk */,
				9D55B4192846289100AFD9C5 /* kko_okkTests */,
				9D55B4232846289100AFD9C5 /* kko_okkUITests */,
				9D55B4022846289000AFD9C5 /* Products */,
			);
			sourceTree = "<group>";
		};
		9D55B4022846289000AFD9C5 /* Products */ = {
			isa = PBXGroup;
			children = (
				9D55B4012846289000AFD9C5 /* kko_okk.app */,
				9D55B4162846289100AFD9C5 /* kko_okkTests.xctest */,
				9D55B4202846289100AFD9C5 /* kko_okkUITests.xctest */,
			);
			name = Products;
			sourceTree = "<group>";
		};
		9D55B4032846289000AFD9C5 /* kko_okk */ = {
			isa = PBXGroup;
			children = (
				221CC2C228479F68009F4851 /* Models */,
				A8C834A428471C3A00C65BE0 /* Resources */,
				A8C834A328471C0900C65BE0 /* Style */,
				9DEB3A1F284629BC0001959A /* Views */,
				9D55B4042846289000AFD9C5 /* kko_okkApp.swift */,
				9D55B4062846289000AFD9C5 /* ContentView.swift */,
				9D55B40D2846289100AFD9C5 /* Persistence.swift */,
				9D55B40F2846289100AFD9C5 /* kko_okk.xcdatamodeld */,
				9D55B40A2846289100AFD9C5 /* Preview Content */,
			);
			path = kko_okk;
			sourceTree = "<group>";
		};
		9D55B40A2846289100AFD9C5 /* Preview Content */ = {
			isa = PBXGroup;
			children = (
				9D55B40B2846289100AFD9C5 /* Preview Assets.xcassets */,
			);
			path = "Preview Content";
			sourceTree = "<group>";
		};
		9D55B4192846289100AFD9C5 /* kko_okkTests */ = {
			isa = PBXGroup;
			children = (
				9D55B41A2846289100AFD9C5 /* kko_okkTests.swift */,
			);
			path = kko_okkTests;
			sourceTree = "<group>";
		};
		9D55B4232846289100AFD9C5 /* kko_okkUITests */ = {
			isa = PBXGroup;
			children = (
				9D55B4242846289100AFD9C5 /* kko_okkUITests.swift */,
				9D55B4262846289100AFD9C5 /* kko_okkUITestsLaunchTests.swift */,
			);
			path = kko_okkUITests;
			sourceTree = "<group>";
		};
		9DEB3A1F284629BC0001959A /* Views */ = {
			isa = PBXGroup;
			children = (
				A8C8349B28471A3B00C65BE0 /* MainView.swift */,
				A8C8349D28471A7D00C65BE0 /* HeaderView.swift */,
				A8C8349F28471AA300C65BE0 /* SegmentView.swift */,
				9DEB3A2928462A5C0001959A /* HeaderViews */,
				A8C834982847167300C65BE0 /* BoardViews */,
			);
			path = Views;
			sourceTree = "<group>";
		};
		9DEB3A22284629E90001959A /* TodoTab */ = {
			isa = PBXGroup;
			children = (
				9DEB3A20284629E30001959A /* ParentWishView.swift */,
				9DEB3A2328462A100001959A /* ChildWishView.swift */,
				9DEB3A2528462A240001959A /* ContractView.swift */,
				9DEB3A2728462A4B0001959A /* ButtonForContract.swift */,
			);
			path = TodoTab;
			sourceTree = "<group>";
		};
		9DEB3A2928462A5C0001959A /* HeaderViews */ = {
			isa = PBXGroup;
			children = (
				A8C834A92847334400C65BE0 /* TitleView.swift */,
				70DAECB22849DF45009AAB79 /* RuyhaTestVeiw.swift */,
				70DAECB42849E0F5009AAB79 /* HeaderViewAssets.swift */,
			);
			path = HeaderViews;
			sourceTree = "<group>";
		};
		A8C834982847167300C65BE0 /* BoardViews */ = {
			isa = PBXGroup;
			children = (
				9DEB3A3028462AA10001959A /* TodoBoardView.swift */,
				A8C834BF2848A34400C65BE0 /* ReportBoardView.swift */,
				A8C834C12848A34E00C65BE0 /* SettingView.swift */,
				9DEB3A22284629E90001959A /* TodoTab */,
				A8C834992847169600C65BE0 /* ReportTab */,
				A8C8349A284716A300C65BE0 /* SettingTab */,
			);
			path = BoardViews;
			sourceTree = "<group>";
		};
		A8C834992847169600C65BE0 /* ReportTab */ = {
			isa = PBXGroup;
			children = (
				A8C834C32848A37400C65BE0 /* DailyReportView.swift */,
				A8C834C52848A37D00C65BE0 /* WeeklyReportView.swift */,
				A8C834C72848A38C00C65BE0 /* MonthlyReportView.swift */,
				A8C834C92848A39200C65BE0 /* CountView.swift */,
			);
			path = ReportTab;
			sourceTree = "<group>";
		};
		A8C8349A284716A300C65BE0 /* SettingTab */ = {
			isa = PBXGroup;
			children = (
			);
			path = SettingTab;
			sourceTree = "<group>";
		};
		A8C834A328471C0900C65BE0 /* Style */ = {
			isa = PBXGroup;
			children = (
				A8C834A728471D0400C65BE0 /* Style.swift */,
			);
			path = Style;
			sourceTree = "<group>";
		};
		A8C834A428471C3A00C65BE0 /* Resources */ = {
			isa = PBXGroup;
			children = (
				9D55B4082846289100AFD9C5 /* Assets.xcassets */,
			);
			path = Resources;
			sourceTree = "<group>";
		};
/* End PBXGroup section */

/* Begin PBXNativeTarget section */
		9D55B4002846289000AFD9C5 /* kko_okk */ = {
			isa = PBXNativeTarget;
			buildConfigurationList = 9D55B42A2846289100AFD9C5 /* Build configuration list for PBXNativeTarget "kko_okk" */;
			buildPhases = (
				9D55B3FD2846289000AFD9C5 /* Sources */,
				9D55B3FE2846289000AFD9C5 /* Frameworks */,
				9D55B3FF2846289000AFD9C5 /* Resources */,
			);
			buildRules = (
			);
			dependencies = (
			);
			name = kko_okk;
			productName = kko_okk;
			productReference = 9D55B4012846289000AFD9C5 /* kko_okk.app */;
			productType = "com.apple.product-type.application";
		};
		9D55B4152846289100AFD9C5 /* kko_okkTests */ = {
			isa = PBXNativeTarget;
			buildConfigurationList = 9D55B42D2846289100AFD9C5 /* Build configuration list for PBXNativeTarget "kko_okkTests" */;
			buildPhases = (
				9D55B4122846289100AFD9C5 /* Sources */,
				9D55B4132846289100AFD9C5 /* Frameworks */,
				9D55B4142846289100AFD9C5 /* Resources */,
			);
			buildRules = (
			);
			dependencies = (
				9D55B4182846289100AFD9C5 /* PBXTargetDependency */,
			);
			name = kko_okkTests;
			productName = kko_okkTests;
			productReference = 9D55B4162846289100AFD9C5 /* kko_okkTests.xctest */;
			productType = "com.apple.product-type.bundle.unit-test";
		};
		9D55B41F2846289100AFD9C5 /* kko_okkUITests */ = {
			isa = PBXNativeTarget;
			buildConfigurationList = 9D55B4302846289100AFD9C5 /* Build configuration list for PBXNativeTarget "kko_okkUITests" */;
			buildPhases = (
				9D55B41C2846289100AFD9C5 /* Sources */,
				9D55B41D2846289100AFD9C5 /* Frameworks */,
				9D55B41E2846289100AFD9C5 /* Resources */,
			);
			buildRules = (
			);
			dependencies = (
				9D55B4222846289100AFD9C5 /* PBXTargetDependency */,
			);
			name = kko_okkUITests;
			productName = kko_okkUITests;
			productReference = 9D55B4202846289100AFD9C5 /* kko_okkUITests.xctest */;
			productType = "com.apple.product-type.bundle.ui-testing";
		};
/* End PBXNativeTarget section */

/* Begin PBXProject section */
		9D55B3F92846289000AFD9C5 /* Project object */ = {
			isa = PBXProject;
			attributes = {
				BuildIndependentTargetsInParallel = 1;
				LastSwiftUpdateCheck = 1340;
				LastUpgradeCheck = 1340;
				TargetAttributes = {
					9D55B4002846289000AFD9C5 = {
						CreatedOnToolsVersion = 13.4;
					};
					9D55B4152846289100AFD9C5 = {
						CreatedOnToolsVersion = 13.4;
						TestTargetID = 9D55B4002846289000AFD9C5;
					};
					9D55B41F2846289100AFD9C5 = {
						CreatedOnToolsVersion = 13.4;
						TestTargetID = 9D55B4002846289000AFD9C5;
					};
				};
			};
			buildConfigurationList = 9D55B3FC2846289000AFD9C5 /* Build configuration list for PBXProject "kko_okk" */;
			compatibilityVersion = "Xcode 13.0";
			developmentRegion = en;
			hasScannedForEncodings = 0;
			knownRegions = (
				en,
				Base,
			);
			mainGroup = 9D55B3F82846289000AFD9C5;
			productRefGroup = 9D55B4022846289000AFD9C5 /* Products */;
			projectDirPath = "";
			projectRoot = "";
			targets = (
				9D55B4002846289000AFD9C5 /* kko_okk */,
				9D55B4152846289100AFD9C5 /* kko_okkTests */,
				9D55B41F2846289100AFD9C5 /* kko_okkUITests */,
			);
		};
/* End PBXProject section */

/* Begin PBXResourcesBuildPhase section */
		9D55B3FF2846289000AFD9C5 /* Resources */ = {
			isa = PBXResourcesBuildPhase;
			buildActionMask = 2147483647;
			files = (
				9D55B40C2846289100AFD9C5 /* Preview Assets.xcassets in Resources */,
				9D55B4092846289100AFD9C5 /* Assets.xcassets in Resources */,
			);
			runOnlyForDeploymentPostprocessing = 0;
		};
		9D55B4142846289100AFD9C5 /* Resources */ = {
			isa = PBXResourcesBuildPhase;
			buildActionMask = 2147483647;
			files = (
			);
			runOnlyForDeploymentPostprocessing = 0;
		};
		9D55B41E2846289100AFD9C5 /* Resources */ = {
			isa = PBXResourcesBuildPhase;
			buildActionMask = 2147483647;
			files = (
			);
			runOnlyForDeploymentPostprocessing = 0;
		};
/* End PBXResourcesBuildPhase section */

/* Begin PBXSourcesBuildPhase section */
		9D55B3FD2846289000AFD9C5 /* Sources */ = {
			isa = PBXSourcesBuildPhase;
			buildActionMask = 2147483647;
			files = (
				9DEB3A2428462A100001959A /* ChildWishView.swift in Sources */,
				A8C8349C28471A3B00C65BE0 /* MainView.swift in Sources */,
				9DEB3A2628462A240001959A /* ContractView.swift in Sources */,
				A8C834AA2847334400C65BE0 /* TitleView.swift in Sources */,
				A8C834A828471D0400C65BE0 /* Style.swift in Sources */,
				9DEB3A21284629E30001959A /* ParentWishView.swift in Sources */,
				9DEB3A2828462A4B0001959A /* ButtonForContract.swift in Sources */,
				221CC2C428479F74009F4851 /* TipModel.swift in Sources */,
				A8C834CA2848A39200C65BE0 /* CountView.swift in Sources */,
				9D55B40E2846289100AFD9C5 /* Persistence.swift in Sources */,
				70DAECB32849DF45009AAB79 /* RuyhaTestVeiw.swift in Sources */,
				A8C834C22848A34E00C65BE0 /* SettingView.swift in Sources */,
				9D55B4112846289100AFD9C5 /* kko_okk.xcdatamodeld in Sources */,
				9DEB3A3128462AA10001959A /* TodoBoardView.swift in Sources */,
				9D55B4072846289000AFD9C5 /* ContentView.swift in Sources */,
				70DAECB52849E0F5009AAB79 /* HeaderViewAssets.swift in Sources */,
				A8C834A028471AA300C65BE0 /* SegmentView.swift in Sources */,
				9D55B4052846289000AFD9C5 /* kko_okkApp.swift in Sources */,
				A8C834C62848A37D00C65BE0 /* WeeklyReportView.swift in Sources */,
				A8C834C82848A38C00C65BE0 /* MonthlyReportView.swift in Sources */,
				A8C8349E28471A7D00C65BE0 /* HeaderView.swift in Sources */,
				A8C834C42848A37400C65BE0 /* DailyReportView.swift in Sources */,
				A8C834C02848A34400C65BE0 /* ReportBoardView.swift in Sources */,
			);
			runOnlyForDeploymentPostprocessing = 0;
		};
		9D55B4122846289100AFD9C5 /* Sources */ = {
			isa = PBXSourcesBuildPhase;
			buildActionMask = 2147483647;
			files = (
				9D55B41B2846289100AFD9C5 /* kko_okkTests.swift in Sources */,
			);
			runOnlyForDeploymentPostprocessing = 0;
		};
		9D55B41C2846289100AFD9C5 /* Sources */ = {
			isa = PBXSourcesBuildPhase;
			buildActionMask = 2147483647;
			files = (
				9D55B4272846289100AFD9C5 /* kko_okkUITestsLaunchTests.swift in Sources */,
				9D55B4252846289100AFD9C5 /* kko_okkUITests.swift in Sources */,
			);
			runOnlyForDeploymentPostprocessing = 0;
		};
/* End PBXSourcesBuildPhase section */

/* Begin PBXTargetDependency section */
		9D55B4182846289100AFD9C5 /* PBXTargetDependency */ = {
			isa = PBXTargetDependency;
			target = 9D55B4002846289000AFD9C5 /* kko_okk */;
			targetProxy = 9D55B4172846289100AFD9C5 /* PBXContainerItemProxy */;
		};
		9D55B4222846289100AFD9C5 /* PBXTargetDependency */ = {
			isa = PBXTargetDependency;
			target = 9D55B4002846289000AFD9C5 /* kko_okk */;
			targetProxy = 9D55B4212846289100AFD9C5 /* PBXContainerItemProxy */;
		};
/* End PBXTargetDependency section */

/* Begin XCBuildConfiguration section */
		9D55B4282846289100AFD9C5 /* Debug */ = {
			isa = XCBuildConfiguration;
			buildSettings = {
				ALWAYS_SEARCH_USER_PATHS = NO;
				CLANG_ANALYZER_NONNULL = YES;
				CLANG_ANALYZER_NUMBER_OBJECT_CONVERSION = YES_AGGRESSIVE;
				CLANG_CXX_LANGUAGE_STANDARD = "gnu++17";
				CLANG_ENABLE_MODULES = YES;
				CLANG_ENABLE_OBJC_ARC = YES;
				CLANG_ENABLE_OBJC_WEAK = YES;
				CLANG_WARN_BLOCK_CAPTURE_AUTORELEASING = YES;
				CLANG_WARN_BOOL_CONVERSION = YES;
				CLANG_WARN_COMMA = YES;
				CLANG_WARN_CONSTANT_CONVERSION = YES;
				CLANG_WARN_DEPRECATED_OBJC_IMPLEMENTATIONS = YES;
				CLANG_WARN_DIRECT_OBJC_ISA_USAGE = YES_ERROR;
				CLANG_WARN_DOCUMENTATION_COMMENTS = YES;
				CLANG_WARN_EMPTY_BODY = YES;
				CLANG_WARN_ENUM_CONVERSION = YES;
				CLANG_WARN_INFINITE_RECURSION = YES;
				CLANG_WARN_INT_CONVERSION = YES;
				CLANG_WARN_NON_LITERAL_NULL_CONVERSION = YES;
				CLANG_WARN_OBJC_IMPLICIT_RETAIN_SELF = YES;
				CLANG_WARN_OBJC_LITERAL_CONVERSION = YES;
				CLANG_WARN_OBJC_ROOT_CLASS = YES_ERROR;
				CLANG_WARN_QUOTED_INCLUDE_IN_FRAMEWORK_HEADER = YES;
				CLANG_WARN_RANGE_LOOP_ANALYSIS = YES;
				CLANG_WARN_STRICT_PROTOTYPES = YES;
				CLANG_WARN_SUSPICIOUS_MOVE = YES;
				CLANG_WARN_UNGUARDED_AVAILABILITY = YES_AGGRESSIVE;
				CLANG_WARN_UNREACHABLE_CODE = YES;
				CLANG_WARN__DUPLICATE_METHOD_MATCH = YES;
				COPY_PHASE_STRIP = NO;
				DEBUG_INFORMATION_FORMAT = dwarf;
				ENABLE_STRICT_OBJC_MSGSEND = YES;
				ENABLE_TESTABILITY = YES;
				GCC_C_LANGUAGE_STANDARD = gnu11;
				GCC_DYNAMIC_NO_PIC = NO;
				GCC_NO_COMMON_BLOCKS = YES;
				GCC_OPTIMIZATION_LEVEL = 0;
				GCC_PREPROCESSOR_DEFINITIONS = (
					"DEBUG=1",
					"$(inherited)",
				);
				GCC_WARN_64_TO_32_BIT_CONVERSION = YES;
				GCC_WARN_ABOUT_RETURN_TYPE = YES_ERROR;
				GCC_WARN_UNDECLARED_SELECTOR = YES;
				GCC_WARN_UNINITIALIZED_AUTOS = YES_AGGRESSIVE;
				GCC_WARN_UNUSED_FUNCTION = YES;
				GCC_WARN_UNUSED_VARIABLE = YES;
				IPHONEOS_DEPLOYMENT_TARGET = 15.5;
				MTL_ENABLE_DEBUG_INFO = INCLUDE_SOURCE;
				MTL_FAST_MATH = YES;
				ONLY_ACTIVE_ARCH = YES;
				SDKROOT = iphoneos;
				SWIFT_ACTIVE_COMPILATION_CONDITIONS = DEBUG;
				SWIFT_OPTIMIZATION_LEVEL = "-Onone";
			};
			name = Debug;
		};
		9D55B4292846289100AFD9C5 /* Release */ = {
			isa = XCBuildConfiguration;
			buildSettings = {
				ALWAYS_SEARCH_USER_PATHS = NO;
				CLANG_ANALYZER_NONNULL = YES;
				CLANG_ANALYZER_NUMBER_OBJECT_CONVERSION = YES_AGGRESSIVE;
				CLANG_CXX_LANGUAGE_STANDARD = "gnu++17";
				CLANG_ENABLE_MODULES = YES;
				CLANG_ENABLE_OBJC_ARC = YES;
				CLANG_ENABLE_OBJC_WEAK = YES;
				CLANG_WARN_BLOCK_CAPTURE_AUTORELEASING = YES;
				CLANG_WARN_BOOL_CONVERSION = YES;
				CLANG_WARN_COMMA = YES;
				CLANG_WARN_CONSTANT_CONVERSION = YES;
				CLANG_WARN_DEPRECATED_OBJC_IMPLEMENTATIONS = YES;
				CLANG_WARN_DIRECT_OBJC_ISA_USAGE = YES_ERROR;
				CLANG_WARN_DOCUMENTATION_COMMENTS = YES;
				CLANG_WARN_EMPTY_BODY = YES;
				CLANG_WARN_ENUM_CONVERSION = YES;
				CLANG_WARN_INFINITE_RECURSION = YES;
				CLANG_WARN_INT_CONVERSION = YES;
				CLANG_WARN_NON_LITERAL_NULL_CONVERSION = YES;
				CLANG_WARN_OBJC_IMPLICIT_RETAIN_SELF = YES;
				CLANG_WARN_OBJC_LITERAL_CONVERSION = YES;
				CLANG_WARN_OBJC_ROOT_CLASS = YES_ERROR;
				CLANG_WARN_QUOTED_INCLUDE_IN_FRAMEWORK_HEADER = YES;
				CLANG_WARN_RANGE_LOOP_ANALYSIS = YES;
				CLANG_WARN_STRICT_PROTOTYPES = YES;
				CLANG_WARN_SUSPICIOUS_MOVE = YES;
				CLANG_WARN_UNGUARDED_AVAILABILITY = YES_AGGRESSIVE;
				CLANG_WARN_UNREACHABLE_CODE = YES;
				CLANG_WARN__DUPLICATE_METHOD_MATCH = YES;
				COPY_PHASE_STRIP = NO;
				DEBUG_INFORMATION_FORMAT = "dwarf-with-dsym";
				ENABLE_NS_ASSERTIONS = NO;
				ENABLE_STRICT_OBJC_MSGSEND = YES;
				GCC_C_LANGUAGE_STANDARD = gnu11;
				GCC_NO_COMMON_BLOCKS = YES;
				GCC_WARN_64_TO_32_BIT_CONVERSION = YES;
				GCC_WARN_ABOUT_RETURN_TYPE = YES_ERROR;
				GCC_WARN_UNDECLARED_SELECTOR = YES;
				GCC_WARN_UNINITIALIZED_AUTOS = YES_AGGRESSIVE;
				GCC_WARN_UNUSED_FUNCTION = YES;
				GCC_WARN_UNUSED_VARIABLE = YES;
				IPHONEOS_DEPLOYMENT_TARGET = 15.5;
				MTL_ENABLE_DEBUG_INFO = NO;
				MTL_FAST_MATH = YES;
				SDKROOT = iphoneos;
				SWIFT_COMPILATION_MODE = wholemodule;
				SWIFT_OPTIMIZATION_LEVEL = "-O";
				VALIDATE_PRODUCT = YES;
			};
			name = Release;
		};
		9D55B42B2846289100AFD9C5 /* Debug */ = {
			isa = XCBuildConfiguration;
			buildSettings = {
				ASSETCATALOG_COMPILER_APPICON_NAME = AppIcon;
				ASSETCATALOG_COMPILER_GLOBAL_ACCENT_COLOR_NAME = AccentColor;
				CODE_SIGN_STYLE = Automatic;
				CURRENT_PROJECT_VERSION = 1;
				DEVELOPMENT_ASSET_PATHS = "\"kko_okk/Preview Content\"";
				DEVELOPMENT_TEAM = 5C2G42PP37;
				ENABLE_PREVIEWS = YES;
				GENERATE_INFOPLIST_FILE = YES;
				INFOPLIST_KEY_UIApplicationSceneManifest_Generation = YES;
				INFOPLIST_KEY_UIApplicationSupportsIndirectInputEvents = YES;
				INFOPLIST_KEY_UILaunchScreen_Generation = YES;
				INFOPLIST_KEY_UISupportedInterfaceOrientations_iPad = "UIInterfaceOrientationPortrait UIInterfaceOrientationPortraitUpsideDown UIInterfaceOrientationLandscapeLeft UIInterfaceOrientationLandscapeRight";
				INFOPLIST_KEY_UISupportedInterfaceOrientations_iPhone = "UIInterfaceOrientationPortrait UIInterfaceOrientationLandscapeLeft UIInterfaceOrientationLandscapeRight";
				IPHONEOS_DEPLOYMENT_TARGET = 15.4;
				LD_RUNPATH_SEARCH_PATHS = (
					"$(inherited)",
					"@executable_path/Frameworks",
				);
				MARKETING_VERSION = 1.0;
				PRODUCT_BUNDLE_IDENTIFIER = "com.kko-okk.kko-okk";
				PRODUCT_NAME = "$(TARGET_NAME)";
				SWIFT_EMIT_LOC_STRINGS = YES;
				SWIFT_VERSION = 5.0;
				TARGETED_DEVICE_FAMILY = "1,2";
			};
			name = Debug;
		};
		9D55B42C2846289100AFD9C5 /* Release */ = {
			isa = XCBuildConfiguration;
			buildSettings = {
				ASSETCATALOG_COMPILER_APPICON_NAME = AppIcon;
				ASSETCATALOG_COMPILER_GLOBAL_ACCENT_COLOR_NAME = AccentColor;
				CODE_SIGN_STYLE = Automatic;
				CURRENT_PROJECT_VERSION = 1;
				DEVELOPMENT_ASSET_PATHS = "\"kko_okk/Preview Content\"";
				DEVELOPMENT_TEAM = 5C2G42PP37;
				ENABLE_PREVIEWS = YES;
				GENERATE_INFOPLIST_FILE = YES;
				INFOPLIST_KEY_UIApplicationSceneManifest_Generation = YES;
				INFOPLIST_KEY_UIApplicationSupportsIndirectInputEvents = YES;
				INFOPLIST_KEY_UILaunchScreen_Generation = YES;
				INFOPLIST_KEY_UISupportedInterfaceOrientations_iPad = "UIInterfaceOrientationPortrait UIInterfaceOrientationPortraitUpsideDown UIInterfaceOrientationLandscapeLeft UIInterfaceOrientationLandscapeRight";
				INFOPLIST_KEY_UISupportedInterfaceOrientations_iPhone = "UIInterfaceOrientationPortrait UIInterfaceOrientationLandscapeLeft UIInterfaceOrientationLandscapeRight";
				IPHONEOS_DEPLOYMENT_TARGET = 15.4;
				LD_RUNPATH_SEARCH_PATHS = (
					"$(inherited)",
					"@executable_path/Frameworks",
				);
				MARKETING_VERSION = 1.0;
				PRODUCT_BUNDLE_IDENTIFIER = "com.kko-okk.kko-okk";
				PRODUCT_NAME = "$(TARGET_NAME)";
				SWIFT_EMIT_LOC_STRINGS = YES;
				SWIFT_VERSION = 5.0;
				TARGETED_DEVICE_FAMILY = "1,2";
			};
			name = Release;
		};
		9D55B42E2846289100AFD9C5 /* Debug */ = {
			isa = XCBuildConfiguration;
			buildSettings = {
				ALWAYS_EMBED_SWIFT_STANDARD_LIBRARIES = YES;
				BUNDLE_LOADER = "$(TEST_HOST)";
				CODE_SIGN_STYLE = Automatic;
				CURRENT_PROJECT_VERSION = 1;
				DEVELOPMENT_TEAM = 5C2G42PP37;
				GENERATE_INFOPLIST_FILE = YES;
				IPHONEOS_DEPLOYMENT_TARGET = 15.5;
				MARKETING_VERSION = 1.0;
				PRODUCT_BUNDLE_IDENTIFIER = "com.kko-okk.kko-okkTests";
				PRODUCT_NAME = "$(TARGET_NAME)";
				SWIFT_EMIT_LOC_STRINGS = NO;
				SWIFT_VERSION = 5.0;
				TARGETED_DEVICE_FAMILY = "1,2";
				TEST_HOST = "$(BUILT_PRODUCTS_DIR)/kko_okk.app/kko_okk";
			};
			name = Debug;
		};
		9D55B42F2846289100AFD9C5 /* Release */ = {
			isa = XCBuildConfiguration;
			buildSettings = {
				ALWAYS_EMBED_SWIFT_STANDARD_LIBRARIES = YES;
				BUNDLE_LOADER = "$(TEST_HOST)";
				CODE_SIGN_STYLE = Automatic;
				CURRENT_PROJECT_VERSION = 1;
				DEVELOPMENT_TEAM = 5C2G42PP37;
				GENERATE_INFOPLIST_FILE = YES;
				IPHONEOS_DEPLOYMENT_TARGET = 15.5;
				MARKETING_VERSION = 1.0;
				PRODUCT_BUNDLE_IDENTIFIER = "com.kko-okk.kko-okkTests";
				PRODUCT_NAME = "$(TARGET_NAME)";
				SWIFT_EMIT_LOC_STRINGS = NO;
				SWIFT_VERSION = 5.0;
				TARGETED_DEVICE_FAMILY = "1,2";
				TEST_HOST = "$(BUILT_PRODUCTS_DIR)/kko_okk.app/kko_okk";
			};
			name = Release;
		};
		9D55B4312846289100AFD9C5 /* Debug */ = {
			isa = XCBuildConfiguration;
			buildSettings = {
				ALWAYS_EMBED_SWIFT_STANDARD_LIBRARIES = YES;
				CODE_SIGN_STYLE = Automatic;
				CURRENT_PROJECT_VERSION = 1;
				DEVELOPMENT_TEAM = 5C2G42PP37;
				GENERATE_INFOPLIST_FILE = YES;
				MARKETING_VERSION = 1.0;
				PRODUCT_BUNDLE_IDENTIFIER = "com.kko-okk.kko-okkUITests";
				PRODUCT_NAME = "$(TARGET_NAME)";
				SWIFT_EMIT_LOC_STRINGS = NO;
				SWIFT_VERSION = 5.0;
				TARGETED_DEVICE_FAMILY = "1,2";
				TEST_TARGET_NAME = kko_okk;
			};
			name = Debug;
		};
		9D55B4322846289100AFD9C5 /* Release */ = {
			isa = XCBuildConfiguration;
			buildSettings = {
				ALWAYS_EMBED_SWIFT_STANDARD_LIBRARIES = YES;
				CODE_SIGN_STYLE = Automatic;
				CURRENT_PROJECT_VERSION = 1;
				DEVELOPMENT_TEAM = 5C2G42PP37;
				GENERATE_INFOPLIST_FILE = YES;
				MARKETING_VERSION = 1.0;
				PRODUCT_BUNDLE_IDENTIFIER = "com.kko-okk.kko-okkUITests";
				PRODUCT_NAME = "$(TARGET_NAME)";
				SWIFT_EMIT_LOC_STRINGS = NO;
				SWIFT_VERSION = 5.0;
				TARGETED_DEVICE_FAMILY = "1,2";
				TEST_TARGET_NAME = kko_okk;
			};
			name = Release;
		};
/* End XCBuildConfiguration section */

/* Begin XCConfigurationList section */
		9D55B3FC2846289000AFD9C5 /* Build configuration list for PBXProject "kko_okk" */ = {
			isa = XCConfigurationList;
			buildConfigurations = (
				9D55B4282846289100AFD9C5 /* Debug */,
				9D55B4292846289100AFD9C5 /* Release */,
			);
			defaultConfigurationIsVisible = 0;
			defaultConfigurationName = Release;
		};
		9D55B42A2846289100AFD9C5 /* Build configuration list for PBXNativeTarget "kko_okk" */ = {
			isa = XCConfigurationList;
			buildConfigurations = (
				9D55B42B2846289100AFD9C5 /* Debug */,
				9D55B42C2846289100AFD9C5 /* Release */,
			);
			defaultConfigurationIsVisible = 0;
			defaultConfigurationName = Release;
		};
		9D55B42D2846289100AFD9C5 /* Build configuration list for PBXNativeTarget "kko_okkTests" */ = {
			isa = XCConfigurationList;
			buildConfigurations = (
				9D55B42E2846289100AFD9C5 /* Debug */,
				9D55B42F2846289100AFD9C5 /* Release */,
			);
			defaultConfigurationIsVisible = 0;
			defaultConfigurationName = Release;
		};
		9D55B4302846289100AFD9C5 /* Build configuration list for PBXNativeTarget "kko_okkUITests" */ = {
			isa = XCConfigurationList;
			buildConfigurations = (
				9D55B4312846289100AFD9C5 /* Debug */,
				9D55B4322846289100AFD9C5 /* Release */,
			);
			defaultConfigurationIsVisible = 0;
			defaultConfigurationName = Release;
		};
/* End XCConfigurationList section */

/* Begin XCVersionGroup section */
		9D55B40F2846289100AFD9C5 /* kko_okk.xcdatamodeld */ = {
			isa = XCVersionGroup;
			children = (
				9D55B4102846289100AFD9C5 /* kko_okk.xcdatamodel */,
			);
			currentVersion = 9D55B4102846289100AFD9C5 /* kko_okk.xcdatamodel */;
			path = kko_okk.xcdatamodeld;
			sourceTree = "<group>";
			versionGroupType = wrapper.xcdatamodel;
		};
/* End XCVersionGroup section */
	};
	rootObject = 9D55B3F92846289000AFD9C5 /* Project object */;
}
